// !$*UTF8*$!
{
	archiveVersion = 1;
	classes = {
	};
	objectVersion = 56;
	objects = {

/* Begin PBXBuildFile section */
		B572AC1F2A0C2F7000012B07 /* AppDelegate.swift in Sources */ = {isa = PBXBuildFile; fileRef = B572AC1E2A0C2F7000012B07 /* AppDelegate.swift */; };
		B572AC212A0C2F7000012B07 /* SceneDelegate.swift in Sources */ = {isa = PBXBuildFile; fileRef = B572AC202A0C2F7000012B07 /* SceneDelegate.swift */; };
		B572AC282A0C2F7100012B07 /* Assets.xcassets in Resources */ = {isa = PBXBuildFile; fileRef = B572AC272A0C2F7100012B07 /* Assets.xcassets */; };
		B572AC2B2A0C2F7100012B07 /* LaunchScreen.storyboard in Resources */ = {isa = PBXBuildFile; fileRef = B572AC292A0C2F7100012B07 /* LaunchScreen.storyboard */; };
		B572AC362A0C2F7100012B07 /* OrderfyTests.swift in Sources */ = {isa = PBXBuildFile; fileRef = B572AC352A0C2F7100012B07 /* OrderfyTests.swift */; };
		B572AC402A0C2F7100012B07 /* OrderfyUITests.swift in Sources */ = {isa = PBXBuildFile; fileRef = B572AC3F2A0C2F7100012B07 /* OrderfyUITests.swift */; };
		B572AC422A0C2F7200012B07 /* OrderfyUITestsLaunchTests.swift in Sources */ = {isa = PBXBuildFile; fileRef = B572AC412A0C2F7200012B07 /* OrderfyUITestsLaunchTests.swift */; };
		B572AC532A0C320800012B07 /* MainTabContainerController.swift in Sources */ = {isa = PBXBuildFile; fileRef = B572AC522A0C320800012B07 /* MainTabContainerController.swift */; };
		B572AC552A0C33CE00012B07 /* OrdersViewController.swift in Sources */ = {isa = PBXBuildFile; fileRef = B572AC542A0C33CE00012B07 /* OrdersViewController.swift */; };
		B572AC582A0C34DB00012B07 /* OrdersArchiveViewController.swift in Sources */ = {isa = PBXBuildFile; fileRef = B572AC572A0C34DB00012B07 /* OrdersArchiveViewController.swift */; };
		B572AC5A2A0C361A00012B07 /* OrdersRouter.swift in Sources */ = {isa = PBXBuildFile; fileRef = B572AC592A0C361A00012B07 /* OrdersRouter.swift */; };
		B572AC5C2A0C383000012B07 /* OrdersInterractor.swift in Sources */ = {isa = PBXBuildFile; fileRef = B572AC5B2A0C383000012B07 /* OrdersInterractor.swift */; };
		B572AC5E2A0C385B00012B07 /* OrdersModel.swift in Sources */ = {isa = PBXBuildFile; fileRef = B572AC5D2A0C385B00012B07 /* OrdersModel.swift */; };
		B572AC612A0C388400012B07 /* Order.swift in Sources */ = {isa = PBXBuildFile; fileRef = B572AC602A0C388400012B07 /* Order.swift */; };
		B572AC672A0C3A3100012B07 /* OrdersWorker.swift in Sources */ = {isa = PBXBuildFile; fileRef = B572AC662A0C3A3100012B07 /* OrdersWorker.swift */; };
		B572AC692A0C3BA800012B07 /* OrderDetailsController.swift in Sources */ = {isa = PBXBuildFile; fileRef = B572AC682A0C3BA800012B07 /* OrderDetailsController.swift */; };
		B572AC6B2A0C3D4C00012B07 /* OrderPresenter.swift in Sources */ = {isa = PBXBuildFile; fileRef = B572AC6A2A0C3D4C00012B07 /* OrderPresenter.swift */; };
		B572AC6D2A0C40F500012B07 /* OrderTableViewCell.swift in Sources */ = {isa = PBXBuildFile; fileRef = B572AC6C2A0C40F500012B07 /* OrderTableViewCell.swift */; };
		B572AC6F2A0C490400012B07 /* OrderDetailsInteractor.swift in Sources */ = {isa = PBXBuildFile; fileRef = B572AC6E2A0C490400012B07 /* OrderDetailsInteractor.swift */; };
		B572AC712A0C498900012B07 /* OrderDetailsPresenter.swift in Sources */ = {isa = PBXBuildFile; fileRef = B572AC702A0C498900012B07 /* OrderDetailsPresenter.swift */; };
		B572AC732A0C49A700012B07 /* OrderDetailsModels.swift in Sources */ = {isa = PBXBuildFile; fileRef = B572AC722A0C49A700012B07 /* OrderDetailsModels.swift */; };
		B572AC752A0C4A2000012B07 /* OrderDetailsRouter.swift in Sources */ = {isa = PBXBuildFile; fileRef = B572AC742A0C4A2000012B07 /* OrderDetailsRouter.swift */; };
		B572AC782A0EA2C800012B07 /* OrdersMemoryStore.swift in Sources */ = {isa = PBXBuildFile; fileRef = B572AC772A0EA2C800012B07 /* OrdersMemoryStore.swift */; };
		B572AC7B2A0F71D200012B07 /* UIAlertController+Extensions.swift in Sources */ = {isa = PBXBuildFile; fileRef = B572AC7A2A0F71D200012B07 /* UIAlertController+Extensions.swift */; };
		B572AC7D2A0F9B0B00012B07 /* Date+Extensions.swift in Sources */ = {isa = PBXBuildFile; fileRef = B572AC7C2A0F9B0B00012B07 /* Date+Extensions.swift */; };
		B572AC7F2A0FCA0800012B07 /* UIViewController+Extensions.swift in Sources */ = {isa = PBXBuildFile; fileRef = B572AC7E2A0FCA0800012B07 /* UIViewController+Extensions.swift */; };
		B572AC832A0FCCED00012B07 /* OrderTableDelegateData.swift in Sources */ = {isa = PBXBuildFile; fileRef = B572AC822A0FCCED00012B07 /* OrderTableDelegateData.swift */; };
		B572AC862A0FD6AF00012B07 /* OrdersArchiveRouter.swift in Sources */ = {isa = PBXBuildFile; fileRef = B572AC852A0FD6AF00012B07 /* OrdersArchiveRouter.swift */; };
		B572AC882A0FD6BC00012B07 /* OrdersArchiveInterractor.swift in Sources */ = {isa = PBXBuildFile; fileRef = B572AC872A0FD6BC00012B07 /* OrdersArchiveInterractor.swift */; };
		B572AC8A2A0FD6C500012B07 /* OrdersArchiveModel.swift in Sources */ = {isa = PBXBuildFile; fileRef = B572AC892A0FD6C500012B07 /* OrdersArchiveModel.swift */; };
		B572AC8C2A0FD6D200012B07 /* OrdersArchiveWorker.swift in Sources */ = {isa = PBXBuildFile; fileRef = B572AC8B2A0FD6D200012B07 /* OrdersArchiveWorker.swift */; };
		B572AC8E2A0FD6DC00012B07 /* OrdersArchivePresenter.swift in Sources */ = {isa = PBXBuildFile; fileRef = B572AC8D2A0FD6DC00012B07 /* OrdersArchivePresenter.swift */; };
		B572AC902A0FDBC800012B07 /* OrderArchiveCell.swift in Sources */ = {isa = PBXBuildFile; fileRef = B572AC8F2A0FDBC800012B07 /* OrderArchiveCell.swift */; };
		B572AC922A0FDEFE00012B07 /* Notification+Extensions.swift in Sources */ = {isa = PBXBuildFile; fileRef = B572AC912A0FDEFE00012B07 /* Notification+Extensions.swift */; };
		B57CA58D2A1007550006AD50 /* UILabel+Extensions.swift in Sources */ = {isa = PBXBuildFile; fileRef = B57CA58C2A1007550006AD50 /* UILabel+Extensions.swift */; };
/* End PBXBuildFile section */

/* Begin PBXContainerItemProxy section */
		B572AC322A0C2F7100012B07 /* PBXContainerItemProxy */ = {
			isa = PBXContainerItemProxy;
			containerPortal = B572AC132A0C2F7000012B07 /* Project object */;
			proxyType = 1;
			remoteGlobalIDString = B572AC1A2A0C2F7000012B07;
			remoteInfo = Orderfy;
		};
		B572AC3C2A0C2F7100012B07 /* PBXContainerItemProxy */ = {
			isa = PBXContainerItemProxy;
			containerPortal = B572AC132A0C2F7000012B07 /* Project object */;
			proxyType = 1;
			remoteGlobalIDString = B572AC1A2A0C2F7000012B07;
			remoteInfo = Orderfy;
		};
/* End PBXContainerItemProxy section */

/* Begin PBXFileReference section */
		B572AC1B2A0C2F7000012B07 /* Orderfy.app */ = {isa = PBXFileReference; explicitFileType = wrapper.application; includeInIndex = 0; path = Orderfy.app; sourceTree = BUILT_PRODUCTS_DIR; };
		B572AC1E2A0C2F7000012B07 /* AppDelegate.swift */ = {isa = PBXFileReference; lastKnownFileType = sourcecode.swift; path = AppDelegate.swift; sourceTree = "<group>"; };
		B572AC202A0C2F7000012B07 /* SceneDelegate.swift */ = {isa = PBXFileReference; lastKnownFileType = sourcecode.swift; path = SceneDelegate.swift; sourceTree = "<group>"; };
		B572AC272A0C2F7100012B07 /* Assets.xcassets */ = {isa = PBXFileReference; lastKnownFileType = folder.assetcatalog; path = Assets.xcassets; sourceTree = "<group>"; };
		B572AC2A2A0C2F7100012B07 /* Base */ = {isa = PBXFileReference; lastKnownFileType = file.storyboard; name = Base; path = Base.lproj/LaunchScreen.storyboard; sourceTree = "<group>"; };
		B572AC2C2A0C2F7100012B07 /* Info.plist */ = {isa = PBXFileReference; lastKnownFileType = text.plist.xml; path = Info.plist; sourceTree = "<group>"; };
		B572AC312A0C2F7100012B07 /* OrderfyTests.xctest */ = {isa = PBXFileReference; explicitFileType = wrapper.cfbundle; includeInIndex = 0; path = OrderfyTests.xctest; sourceTree = BUILT_PRODUCTS_DIR; };
		B572AC352A0C2F7100012B07 /* OrderfyTests.swift */ = {isa = PBXFileReference; lastKnownFileType = sourcecode.swift; path = OrderfyTests.swift; sourceTree = "<group>"; };
		B572AC3B2A0C2F7100012B07 /* OrderfyUITests.xctest */ = {isa = PBXFileReference; explicitFileType = wrapper.cfbundle; includeInIndex = 0; path = OrderfyUITests.xctest; sourceTree = BUILT_PRODUCTS_DIR; };
		B572AC3F2A0C2F7100012B07 /* OrderfyUITests.swift */ = {isa = PBXFileReference; lastKnownFileType = sourcecode.swift; path = OrderfyUITests.swift; sourceTree = "<group>"; };
		B572AC412A0C2F7200012B07 /* OrderfyUITestsLaunchTests.swift */ = {isa = PBXFileReference; lastKnownFileType = sourcecode.swift; path = OrderfyUITestsLaunchTests.swift; sourceTree = "<group>"; };
		B572AC522A0C320800012B07 /* MainTabContainerController.swift */ = {isa = PBXFileReference; lastKnownFileType = sourcecode.swift; path = MainTabContainerController.swift; sourceTree = "<group>"; };
		B572AC542A0C33CE00012B07 /* OrdersViewController.swift */ = {isa = PBXFileReference; lastKnownFileType = sourcecode.swift; path = OrdersViewController.swift; sourceTree = "<group>"; };
		B572AC572A0C34DB00012B07 /* OrdersArchiveViewController.swift */ = {isa = PBXFileReference; lastKnownFileType = sourcecode.swift; path = OrdersArchiveViewController.swift; sourceTree = "<group>"; };
		B572AC592A0C361A00012B07 /* OrdersRouter.swift */ = {isa = PBXFileReference; lastKnownFileType = sourcecode.swift; path = OrdersRouter.swift; sourceTree = "<group>"; };
		B572AC5B2A0C383000012B07 /* OrdersInterractor.swift */ = {isa = PBXFileReference; lastKnownFileType = sourcecode.swift; path = OrdersInterractor.swift; sourceTree = "<group>"; };
		B572AC5D2A0C385B00012B07 /* OrdersModel.swift */ = {isa = PBXFileReference; lastKnownFileType = sourcecode.swift; path = OrdersModel.swift; sourceTree = "<group>"; };
		B572AC602A0C388400012B07 /* Order.swift */ = {isa = PBXFileReference; lastKnownFileType = sourcecode.swift; path = Order.swift; sourceTree = "<group>"; };
		B572AC662A0C3A3100012B07 /* OrdersWorker.swift */ = {isa = PBXFileReference; lastKnownFileType = sourcecode.swift; path = OrdersWorker.swift; sourceTree = "<group>"; };
		B572AC682A0C3BA800012B07 /* OrderDetailsController.swift */ = {isa = PBXFileReference; lastKnownFileType = sourcecode.swift; path = OrderDetailsController.swift; sourceTree = "<group>"; };
		B572AC6A2A0C3D4C00012B07 /* OrderPresenter.swift */ = {isa = PBXFileReference; lastKnownFileType = sourcecode.swift; path = OrderPresenter.swift; sourceTree = "<group>"; };
		B572AC6C2A0C40F500012B07 /* OrderTableViewCell.swift */ = {isa = PBXFileReference; lastKnownFileType = sourcecode.swift; path = OrderTableViewCell.swift; sourceTree = "<group>"; };
		B572AC6E2A0C490400012B07 /* OrderDetailsInteractor.swift */ = {isa = PBXFileReference; lastKnownFileType = sourcecode.swift; path = OrderDetailsInteractor.swift; sourceTree = "<group>"; };
		B572AC702A0C498900012B07 /* OrderDetailsPresenter.swift */ = {isa = PBXFileReference; lastKnownFileType = sourcecode.swift; path = OrderDetailsPresenter.swift; sourceTree = "<group>"; };
		B572AC722A0C49A700012B07 /* OrderDetailsModels.swift */ = {isa = PBXFileReference; lastKnownFileType = sourcecode.swift; path = OrderDetailsModels.swift; sourceTree = "<group>"; };
		B572AC742A0C4A2000012B07 /* OrderDetailsRouter.swift */ = {isa = PBXFileReference; lastKnownFileType = sourcecode.swift; path = OrderDetailsRouter.swift; sourceTree = "<group>"; };
		B572AC772A0EA2C800012B07 /* OrdersMemoryStore.swift */ = {isa = PBXFileReference; lastKnownFileType = sourcecode.swift; path = OrdersMemoryStore.swift; sourceTree = "<group>"; };
		B572AC7A2A0F71D200012B07 /* UIAlertController+Extensions.swift */ = {isa = PBXFileReference; lastKnownFileType = sourcecode.swift; path = "UIAlertController+Extensions.swift"; sourceTree = "<group>"; };
		B572AC7C2A0F9B0B00012B07 /* Date+Extensions.swift */ = {isa = PBXFileReference; lastKnownFileType = sourcecode.swift; path = "Date+Extensions.swift"; sourceTree = "<group>"; };
		B572AC7E2A0FCA0800012B07 /* UIViewController+Extensions.swift */ = {isa = PBXFileReference; lastKnownFileType = sourcecode.swift; path = "UIViewController+Extensions.swift"; sourceTree = "<group>"; };
		B572AC822A0FCCED00012B07 /* OrderTableDelegateData.swift */ = {isa = PBXFileReference; lastKnownFileType = sourcecode.swift; path = OrderTableDelegateData.swift; sourceTree = "<group>"; };
		B572AC852A0FD6AF00012B07 /* OrdersArchiveRouter.swift */ = {isa = PBXFileReference; lastKnownFileType = sourcecode.swift; path = OrdersArchiveRouter.swift; sourceTree = "<group>"; };
		B572AC872A0FD6BC00012B07 /* OrdersArchiveInterractor.swift */ = {isa = PBXFileReference; lastKnownFileType = sourcecode.swift; path = OrdersArchiveInterractor.swift; sourceTree = "<group>"; };
		B572AC892A0FD6C500012B07 /* OrdersArchiveModel.swift */ = {isa = PBXFileReference; lastKnownFileType = sourcecode.swift; path = OrdersArchiveModel.swift; sourceTree = "<group>"; };
		B572AC8B2A0FD6D200012B07 /* OrdersArchiveWorker.swift */ = {isa = PBXFileReference; lastKnownFileType = sourcecode.swift; path = OrdersArchiveWorker.swift; sourceTree = "<group>"; };
		B572AC8D2A0FD6DC00012B07 /* OrdersArchivePresenter.swift */ = {isa = PBXFileReference; lastKnownFileType = sourcecode.swift; path = OrdersArchivePresenter.swift; sourceTree = "<group>"; };
		B572AC8F2A0FDBC800012B07 /* OrderArchiveCell.swift */ = {isa = PBXFileReference; lastKnownFileType = sourcecode.swift; path = OrderArchiveCell.swift; sourceTree = "<group>"; };
		B572AC912A0FDEFE00012B07 /* Notification+Extensions.swift */ = {isa = PBXFileReference; lastKnownFileType = sourcecode.swift; path = "Notification+Extensions.swift"; sourceTree = "<group>"; };
		B57CA58C2A1007550006AD50 /* UILabel+Extensions.swift */ = {isa = PBXFileReference; lastKnownFileType = sourcecode.swift; path = "UILabel+Extensions.swift"; sourceTree = "<group>"; };
/* End PBXFileReference section */

/* Begin PBXFrameworksBuildPhase section */
		B572AC182A0C2F7000012B07 /* Frameworks */ = {
			isa = PBXFrameworksBuildPhase;
			buildActionMask = 2147483647;
			files = (
			);
			runOnlyForDeploymentPostprocessing = 0;
		};
		B572AC2E2A0C2F7100012B07 /* Frameworks */ = {
			isa = PBXFrameworksBuildPhase;
			buildActionMask = 2147483647;
			files = (
			);
			runOnlyForDeploymentPostprocessing = 0;
		};
		B572AC382A0C2F7100012B07 /* Frameworks */ = {
			isa = PBXFrameworksBuildPhase;
			buildActionMask = 2147483647;
			files = (
			);
			runOnlyForDeploymentPostprocessing = 0;
		};
/* End PBXFrameworksBuildPhase section */

/* Begin PBXGroup section */
		B572AC122A0C2F7000012B07 = {
			isa = PBXGroup;
			children = (
				B572AC1D2A0C2F7000012B07 /* Orderfy */,
				B572AC342A0C2F7100012B07 /* OrderfyTests */,
				B572AC3E2A0C2F7100012B07 /* OrderfyUITests */,
				B572AC1C2A0C2F7000012B07 /* Products */,
			);
			sourceTree = "<group>";
		};
		B572AC1C2A0C2F7000012B07 /* Products */ = {
			isa = PBXGroup;
			children = (
				B572AC1B2A0C2F7000012B07 /* Orderfy.app */,
				B572AC312A0C2F7100012B07 /* OrderfyTests.xctest */,
				B572AC3B2A0C2F7100012B07 /* OrderfyUITests.xctest */,
			);
			name = Products;
			sourceTree = "<group>";
		};
		B572AC1D2A0C2F7000012B07 /* Orderfy */ = {
			isa = PBXGroup;
			children = (
				B572AC792A0F71BB00012B07 /* Extensions */,
				B572AC762A0EA2AD00012B07 /* Services */,
				B572AC5F2A0C387300012B07 /* Models */,
				B572AC4E2A0C309500012B07 /* Scenes */,
				B572AC1E2A0C2F7000012B07 /* AppDelegate.swift */,
				B572AC202A0C2F7000012B07 /* SceneDelegate.swift */,
				B572AC272A0C2F7100012B07 /* Assets.xcassets */,
				B572AC292A0C2F7100012B07 /* LaunchScreen.storyboard */,
				B572AC2C2A0C2F7100012B07 /* Info.plist */,
			);
			path = Orderfy;
			sourceTree = "<group>";
		};
		B572AC342A0C2F7100012B07 /* OrderfyTests */ = {
			isa = PBXGroup;
			children = (
				B572AC352A0C2F7100012B07 /* OrderfyTests.swift */,
			);
			path = OrderfyTests;
			sourceTree = "<group>";
		};
		B572AC3E2A0C2F7100012B07 /* OrderfyUITests */ = {
			isa = PBXGroup;
			children = (
				B572AC3F2A0C2F7100012B07 /* OrderfyUITests.swift */,
				B572AC412A0C2F7200012B07 /* OrderfyUITestsLaunchTests.swift */,
			);
			path = OrderfyUITests;
			sourceTree = "<group>";
		};
		B572AC4E2A0C309500012B07 /* Scenes */ = {
			isa = PBXGroup;
			children = (
				B572AC512A0C31A500012B07 /* MainTabContainer */,
				B572AC4F2A0C30C400012B07 /* Orders */,
				B572AC502A0C30CF00012B07 /* OrderDetails */,
				B572AC562A0C34C100012B07 /* OrdersArchive */,
			);
			path = Scenes;
			sourceTree = "<group>";
		};
		B572AC4F2A0C30C400012B07 /* Orders */ = {
			isa = PBXGroup;
			children = (
				B572AC842A0FCCF700012B07 /* OrdersTableView */,
				B572AC542A0C33CE00012B07 /* OrdersViewController.swift */,
				B572AC592A0C361A00012B07 /* OrdersRouter.swift */,
				B572AC5B2A0C383000012B07 /* OrdersInterractor.swift */,
				B572AC5D2A0C385B00012B07 /* OrdersModel.swift */,
				B572AC662A0C3A3100012B07 /* OrdersWorker.swift */,
				B572AC6A2A0C3D4C00012B07 /* OrderPresenter.swift */,
			);
			path = Orders;
			sourceTree = "<group>";
		};
		B572AC502A0C30CF00012B07 /* OrderDetails */ = {
			isa = PBXGroup;
			children = (
				B572AC682A0C3BA800012B07 /* OrderDetailsController.swift */,
				B572AC6E2A0C490400012B07 /* OrderDetailsInteractor.swift */,
				B572AC702A0C498900012B07 /* OrderDetailsPresenter.swift */,
				B572AC722A0C49A700012B07 /* OrderDetailsModels.swift */,
				B572AC742A0C4A2000012B07 /* OrderDetailsRouter.swift */,
			);
			path = OrderDetails;
			sourceTree = "<group>";
		};
		B572AC512A0C31A500012B07 /* MainTabContainer */ = {
			isa = PBXGroup;
			children = (
				B572AC522A0C320800012B07 /* MainTabContainerController.swift */,
			);
			path = MainTabContainer;
			sourceTree = "<group>";
		};
		B572AC562A0C34C100012B07 /* OrdersArchive */ = {
			isa = PBXGroup;
			children = (
				B572AC8F2A0FDBC800012B07 /* OrderArchiveCell.swift */,
				B572AC572A0C34DB00012B07 /* OrdersArchiveViewController.swift */,
				B572AC852A0FD6AF00012B07 /* OrdersArchiveRouter.swift */,
				B572AC872A0FD6BC00012B07 /* OrdersArchiveInterractor.swift */,
				B572AC892A0FD6C500012B07 /* OrdersArchiveModel.swift */,
				B572AC8B2A0FD6D200012B07 /* OrdersArchiveWorker.swift */,
				B572AC8D2A0FD6DC00012B07 /* OrdersArchivePresenter.swift */,
			);
			path = OrdersArchive;
			sourceTree = "<group>";
		};
		B572AC5F2A0C387300012B07 /* Models */ = {
			isa = PBXGroup;
			children = (
				B572AC602A0C388400012B07 /* Order.swift */,
			);
			path = Models;
			sourceTree = "<group>";
		};
		B572AC762A0EA2AD00012B07 /* Services */ = {
			isa = PBXGroup;
			children = (
				B572AC772A0EA2C800012B07 /* OrdersMemoryStore.swift */,
			);
			path = Services;
			sourceTree = "<group>";
		};
		B572AC792A0F71BB00012B07 /* Extensions */ = {
			isa = PBXGroup;
			children = (
				B572AC7A2A0F71D200012B07 /* UIAlertController+Extensions.swift */,
				B572AC7E2A0FCA0800012B07 /* UIViewController+Extensions.swift */,
				B572AC7C2A0F9B0B00012B07 /* Date+Extensions.swift */,
				B572AC912A0FDEFE00012B07 /* Notification+Extensions.swift */,
				B57CA58C2A1007550006AD50 /* UILabel+Extensions.swift */,
			);
			path = Extensions;
			sourceTree = "<group>";
		};
		B572AC842A0FCCF700012B07 /* OrdersTableView */ = {
			isa = PBXGroup;
			children = (
				B572AC6C2A0C40F500012B07 /* OrderTableViewCell.swift */,
				B572AC822A0FCCED00012B07 /* OrderTableDelegateData.swift */,
			);
			path = OrdersTableView;
			sourceTree = "<group>";
		};
/* End PBXGroup section */

/* Begin PBXNativeTarget section */
		B572AC1A2A0C2F7000012B07 /* Orderfy */ = {
			isa = PBXNativeTarget;
			buildConfigurationList = B572AC452A0C2F7200012B07 /* Build configuration list for PBXNativeTarget "Orderfy" */;
			buildPhases = (
				B572AC172A0C2F7000012B07 /* Sources */,
				B572AC182A0C2F7000012B07 /* Frameworks */,
				B572AC192A0C2F7000012B07 /* Resources */,
			);
			buildRules = (
			);
			dependencies = (
			);
			name = Orderfy;
			productName = Orderfy;
			productReference = B572AC1B2A0C2F7000012B07 /* Orderfy.app */;
			productType = "com.apple.product-type.application";
		};
		B572AC302A0C2F7100012B07 /* OrderfyTests */ = {
			isa = PBXNativeTarget;
			buildConfigurationList = B572AC482A0C2F7200012B07 /* Build configuration list for PBXNativeTarget "OrderfyTests" */;
			buildPhases = (
				B572AC2D2A0C2F7100012B07 /* Sources */,
				B572AC2E2A0C2F7100012B07 /* Frameworks */,
				B572AC2F2A0C2F7100012B07 /* Resources */,
			);
			buildRules = (
			);
			dependencies = (
				B572AC332A0C2F7100012B07 /* PBXTargetDependency */,
			);
			name = OrderfyTests;
			productName = OrderfyTests;
			productReference = B572AC312A0C2F7100012B07 /* OrderfyTests.xctest */;
			productType = "com.apple.product-type.bundle.unit-test";
		};
		B572AC3A2A0C2F7100012B07 /* OrderfyUITests */ = {
			isa = PBXNativeTarget;
			buildConfigurationList = B572AC4B2A0C2F7200012B07 /* Build configuration list for PBXNativeTarget "OrderfyUITests" */;
			buildPhases = (
				B572AC372A0C2F7100012B07 /* Sources */,
				B572AC382A0C2F7100012B07 /* Frameworks */,
				B572AC392A0C2F7100012B07 /* Resources */,
			);
			buildRules = (
			);
			dependencies = (
				B572AC3D2A0C2F7100012B07 /* PBXTargetDependency */,
			);
			name = OrderfyUITests;
			productName = OrderfyUITests;
			productReference = B572AC3B2A0C2F7100012B07 /* OrderfyUITests.xctest */;
			productType = "com.apple.product-type.bundle.ui-testing";
		};
/* End PBXNativeTarget section */

/* Begin PBXProject section */
		B572AC132A0C2F7000012B07 /* Project object */ = {
			isa = PBXProject;
			attributes = {
				BuildIndependentTargetsInParallel = 1;
				LastSwiftUpdateCheck = 1410;
				LastUpgradeCheck = 1410;
				TargetAttributes = {
					B572AC1A2A0C2F7000012B07 = {
						CreatedOnToolsVersion = 14.1;
					};
					B572AC302A0C2F7100012B07 = {
						CreatedOnToolsVersion = 14.1;
						TestTargetID = B572AC1A2A0C2F7000012B07;
					};
					B572AC3A2A0C2F7100012B07 = {
						CreatedOnToolsVersion = 14.1;
						TestTargetID = B572AC1A2A0C2F7000012B07;
					};
				};
			};
			buildConfigurationList = B572AC162A0C2F7000012B07 /* Build configuration list for PBXProject "Orderfy" */;
			compatibilityVersion = "Xcode 14.0";
			developmentRegion = en;
			hasScannedForEncodings = 0;
			knownRegions = (
				en,
				Base,
			);
			mainGroup = B572AC122A0C2F7000012B07;
			productRefGroup = B572AC1C2A0C2F7000012B07 /* Products */;
			projectDirPath = "";
			projectRoot = "";
			targets = (
				B572AC1A2A0C2F7000012B07 /* Orderfy */,
				B572AC302A0C2F7100012B07 /* OrderfyTests */,
				B572AC3A2A0C2F7100012B07 /* OrderfyUITests */,
			);
		};
/* End PBXProject section */

/* Begin PBXResourcesBuildPhase section */
		B572AC192A0C2F7000012B07 /* Resources */ = {
			isa = PBXResourcesBuildPhase;
			buildActionMask = 2147483647;
			files = (
				B572AC2B2A0C2F7100012B07 /* LaunchScreen.storyboard in Resources */,
				B572AC282A0C2F7100012B07 /* Assets.xcassets in Resources */,
			);
			runOnlyForDeploymentPostprocessing = 0;
		};
		B572AC2F2A0C2F7100012B07 /* Resources */ = {
			isa = PBXResourcesBuildPhase;
			buildActionMask = 2147483647;
			files = (
			);
			runOnlyForDeploymentPostprocessing = 0;
		};
		B572AC392A0C2F7100012B07 /* Resources */ = {
			isa = PBXResourcesBuildPhase;
			buildActionMask = 2147483647;
			files = (
			);
			runOnlyForDeploymentPostprocessing = 0;
		};
/* End PBXResourcesBuildPhase section */

/* Begin PBXSourcesBuildPhase section */
		B572AC172A0C2F7000012B07 /* Sources */ = {
			isa = PBXSourcesBuildPhase;
			buildActionMask = 2147483647;
			files = (
				B572AC8E2A0FD6DC00012B07 /* OrdersArchivePresenter.swift in Sources */,
				B572AC732A0C49A700012B07 /* OrderDetailsModels.swift in Sources */,
				B572AC582A0C34DB00012B07 /* OrdersArchiveViewController.swift in Sources */,
				B572AC882A0FD6BC00012B07 /* OrdersArchiveInterractor.swift in Sources */,
				B572AC7D2A0F9B0B00012B07 /* Date+Extensions.swift in Sources */,
				B572AC712A0C498900012B07 /* OrderDetailsPresenter.swift in Sources */,
				B57CA58D2A1007550006AD50 /* UILabel+Extensions.swift in Sources */,
				B572AC532A0C320800012B07 /* MainTabContainerController.swift in Sources */,
				B572AC612A0C388400012B07 /* Order.swift in Sources */,
				B572AC7F2A0FCA0800012B07 /* UIViewController+Extensions.swift in Sources */,
				B572AC6B2A0C3D4C00012B07 /* OrderPresenter.swift in Sources */,
				B572AC5A2A0C361A00012B07 /* OrdersRouter.swift in Sources */,
				B572AC552A0C33CE00012B07 /* OrdersViewController.swift in Sources */,
				B572AC782A0EA2C800012B07 /* OrdersMemoryStore.swift in Sources */,
				B572AC832A0FCCED00012B07 /* OrderTableDelegateData.swift in Sources */,
				B572AC6F2A0C490400012B07 /* OrderDetailsInteractor.swift in Sources */,
				B572AC7B2A0F71D200012B07 /* UIAlertController+Extensions.swift in Sources */,
				B572AC922A0FDEFE00012B07 /* Notification+Extensions.swift in Sources */,
				B572AC8A2A0FD6C500012B07 /* OrdersArchiveModel.swift in Sources */,
				B572AC8C2A0FD6D200012B07 /* OrdersArchiveWorker.swift in Sources */,
				B572AC862A0FD6AF00012B07 /* OrdersArchiveRouter.swift in Sources */,
				B572AC6D2A0C40F500012B07 /* OrderTableViewCell.swift in Sources */,
				B572AC692A0C3BA800012B07 /* OrderDetailsController.swift in Sources */,
				B572AC752A0C4A2000012B07 /* OrderDetailsRouter.swift in Sources */,
				B572AC902A0FDBC800012B07 /* OrderArchiveCell.swift in Sources */,
				B572AC5E2A0C385B00012B07 /* OrdersModel.swift in Sources */,
				B572AC1F2A0C2F7000012B07 /* AppDelegate.swift in Sources */,
				B572AC5C2A0C383000012B07 /* OrdersInterractor.swift in Sources */,
				B572AC672A0C3A3100012B07 /* OrdersWorker.swift in Sources */,
				B572AC212A0C2F7000012B07 /* SceneDelegate.swift in Sources */,
			);
			runOnlyForDeploymentPostprocessing = 0;
		};
		B572AC2D2A0C2F7100012B07 /* Sources */ = {
			isa = PBXSourcesBuildPhase;
			buildActionMask = 2147483647;
			files = (
				B572AC362A0C2F7100012B07 /* OrderfyTests.swift in Sources */,
			);
			runOnlyForDeploymentPostprocessing = 0;
		};
		B572AC372A0C2F7100012B07 /* Sources */ = {
			isa = PBXSourcesBuildPhase;
			buildActionMask = 2147483647;
			files = (
				B572AC422A0C2F7200012B07 /* OrderfyUITestsLaunchTests.swift in Sources */,
				B572AC402A0C2F7100012B07 /* OrderfyUITests.swift in Sources */,
			);
			runOnlyForDeploymentPostprocessing = 0;
		};
/* End PBXSourcesBuildPhase section */

/* Begin PBXTargetDependency section */
		B572AC332A0C2F7100012B07 /* PBXTargetDependency */ = {
			isa = PBXTargetDependency;
			target = B572AC1A2A0C2F7000012B07 /* Orderfy */;
			targetProxy = B572AC322A0C2F7100012B07 /* PBXContainerItemProxy */;
		};
		B572AC3D2A0C2F7100012B07 /* PBXTargetDependency */ = {
			isa = PBXTargetDependency;
			target = B572AC1A2A0C2F7000012B07 /* Orderfy */;
			targetProxy = B572AC3C2A0C2F7100012B07 /* PBXContainerItemProxy */;
		};
/* End PBXTargetDependency section */

/* Begin PBXVariantGroup section */
		B572AC292A0C2F7100012B07 /* LaunchScreen.storyboard */ = {
			isa = PBXVariantGroup;
			children = (
				B572AC2A2A0C2F7100012B07 /* Base */,
			);
			name = LaunchScreen.storyboard;
			sourceTree = "<group>";
		};
/* End PBXVariantGroup section */

/* Begin XCBuildConfiguration section */
		B572AC432A0C2F7200012B07 /* Debug */ = {
			isa = XCBuildConfiguration;
			buildSettings = {
				ALWAYS_SEARCH_USER_PATHS = NO;
				CLANG_ANALYZER_NONNULL = YES;
				CLANG_ANALYZER_NUMBER_OBJECT_CONVERSION = YES_AGGRESSIVE;
				CLANG_CXX_LANGUAGE_STANDARD = "gnu++20";
				CLANG_ENABLE_MODULES = YES;
				CLANG_ENABLE_OBJC_ARC = YES;
				CLANG_ENABLE_OBJC_WEAK = YES;
				CLANG_WARN_BLOCK_CAPTURE_AUTORELEASING = YES;
				CLANG_WARN_BOOL_CONVERSION = YES;
				CLANG_WARN_COMMA = YES;
				CLANG_WARN_CONSTANT_CONVERSION = YES;
				CLANG_WARN_DEPRECATED_OBJC_IMPLEMENTATIONS = YES;
				CLANG_WARN_DIRECT_OBJC_ISA_USAGE = YES_ERROR;
				CLANG_WARN_DOCUMENTATION_COMMENTS = YES;
				CLANG_WARN_EMPTY_BODY = YES;
				CLANG_WARN_ENUM_CONVERSION = YES;
				CLANG_WARN_INFINITE_RECURSION = YES;
				CLANG_WARN_INT_CONVERSION = YES;
				CLANG_WARN_NON_LITERAL_NULL_CONVERSION = YES;
				CLANG_WARN_OBJC_IMPLICIT_RETAIN_SELF = YES;
				CLANG_WARN_OBJC_LITERAL_CONVERSION = YES;
				CLANG_WARN_OBJC_ROOT_CLASS = YES_ERROR;
				CLANG_WARN_QUOTED_INCLUDE_IN_FRAMEWORK_HEADER = YES;
				CLANG_WARN_RANGE_LOOP_ANALYSIS = YES;
				CLANG_WARN_STRICT_PROTOTYPES = YES;
				CLANG_WARN_SUSPICIOUS_MOVE = YES;
				CLANG_WARN_UNGUARDED_AVAILABILITY = YES_AGGRESSIVE;
				CLANG_WARN_UNREACHABLE_CODE = YES;
				CLANG_WARN__DUPLICATE_METHOD_MATCH = YES;
				COPY_PHASE_STRIP = NO;
				DEBUG_INFORMATION_FORMAT = dwarf;
				ENABLE_STRICT_OBJC_MSGSEND = YES;
				ENABLE_TESTABILITY = YES;
				GCC_C_LANGUAGE_STANDARD = gnu11;
				GCC_DYNAMIC_NO_PIC = NO;
				GCC_NO_COMMON_BLOCKS = YES;
				GCC_OPTIMIZATION_LEVEL = 0;
				GCC_PREPROCESSOR_DEFINITIONS = (
					"DEBUG=1",
					"$(inherited)",
				);
				GCC_WARN_64_TO_32_BIT_CONVERSION = YES;
				GCC_WARN_ABOUT_RETURN_TYPE = YES_ERROR;
				GCC_WARN_UNDECLARED_SELECTOR = YES;
				GCC_WARN_UNINITIALIZED_AUTOS = YES_AGGRESSIVE;
				GCC_WARN_UNUSED_FUNCTION = YES;
				GCC_WARN_UNUSED_VARIABLE = YES;
				IPHONEOS_DEPLOYMENT_TARGET = 16.1;
				MTL_ENABLE_DEBUG_INFO = INCLUDE_SOURCE;
				MTL_FAST_MATH = YES;
				ONLY_ACTIVE_ARCH = YES;
				SDKROOT = iphoneos;
				SWIFT_ACTIVE_COMPILATION_CONDITIONS = DEBUG;
				SWIFT_OPTIMIZATION_LEVEL = "-Onone";
			};
			name = Debug;
		};
		B572AC442A0C2F7200012B07 /* Release */ = {
			isa = XCBuildConfiguration;
			buildSettings = {
				ALWAYS_SEARCH_USER_PATHS = NO;
				CLANG_ANALYZER_NONNULL = YES;
				CLANG_ANALYZER_NUMBER_OBJECT_CONVERSION = YES_AGGRESSIVE;
				CLANG_CXX_LANGUAGE_STANDARD = "gnu++20";
				CLANG_ENABLE_MODULES = YES;
				CLANG_ENABLE_OBJC_ARC = YES;
				CLANG_ENABLE_OBJC_WEAK = YES;
				CLANG_WARN_BLOCK_CAPTURE_AUTORELEASING = YES;
				CLANG_WARN_BOOL_CONVERSION = YES;
				CLANG_WARN_COMMA = YES;
				CLANG_WARN_CONSTANT_CONVERSION = YES;
				CLANG_WARN_DEPRECATED_OBJC_IMPLEMENTATIONS = YES;
				CLANG_WARN_DIRECT_OBJC_ISA_USAGE = YES_ERROR;
				CLANG_WARN_DOCUMENTATION_COMMENTS = YES;
				CLANG_WARN_EMPTY_BODY = YES;
				CLANG_WARN_ENUM_CONVERSION = YES;
				CLANG_WARN_INFINITE_RECURSION = YES;
				CLANG_WARN_INT_CONVERSION = YES;
				CLANG_WARN_NON_LITERAL_NULL_CONVERSION = YES;
				CLANG_WARN_OBJC_IMPLICIT_RETAIN_SELF = YES;
				CLANG_WARN_OBJC_LITERAL_CONVERSION = YES;
				CLANG_WARN_OBJC_ROOT_CLASS = YES_ERROR;
				CLANG_WARN_QUOTED_INCLUDE_IN_FRAMEWORK_HEADER = YES;
				CLANG_WARN_RANGE_LOOP_ANALYSIS = YES;
				CLANG_WARN_STRICT_PROTOTYPES = YES;
				CLANG_WARN_SUSPICIOUS_MOVE = YES;
				CLANG_WARN_UNGUARDED_AVAILABILITY = YES_AGGRESSIVE;
				CLANG_WARN_UNREACHABLE_CODE = YES;
				CLANG_WARN__DUPLICATE_METHOD_MATCH = YES;
				COPY_PHASE_STRIP = NO;
				DEBUG_INFORMATION_FORMAT = "dwarf-with-dsym";
				ENABLE_NS_ASSERTIONS = NO;
				ENABLE_STRICT_OBJC_MSGSEND = YES;
				GCC_C_LANGUAGE_STANDARD = gnu11;
				GCC_NO_COMMON_BLOCKS = YES;
				GCC_WARN_64_TO_32_BIT_CONVERSION = YES;
				GCC_WARN_ABOUT_RETURN_TYPE = YES_ERROR;
				GCC_WARN_UNDECLARED_SELECTOR = YES;
				GCC_WARN_UNINITIALIZED_AUTOS = YES_AGGRESSIVE;
				GCC_WARN_UNUSED_FUNCTION = YES;
				GCC_WARN_UNUSED_VARIABLE = YES;
				IPHONEOS_DEPLOYMENT_TARGET = 16.1;
				MTL_ENABLE_DEBUG_INFO = NO;
				MTL_FAST_MATH = YES;
				SDKROOT = iphoneos;
				SWIFT_COMPILATION_MODE = wholemodule;
				SWIFT_OPTIMIZATION_LEVEL = "-O";
				VALIDATE_PRODUCT = YES;
			};
			name = Release;
		};
		B572AC462A0C2F7200012B07 /* Debug */ = {
			isa = XCBuildConfiguration;
			buildSettings = {
				ASSETCATALOG_COMPILER_APPICON_NAME = AppIcon;
				ASSETCATALOG_COMPILER_GLOBAL_ACCENT_COLOR_NAME = AccentColor;
				CODE_SIGN_STYLE = Automatic;
				CURRENT_PROJECT_VERSION = 1;
				DEVELOPMENT_TEAM = 3UL3CAASW4;
				GENERATE_INFOPLIST_FILE = YES;
				INFOPLIST_FILE = Orderfy/Info.plist;
				INFOPLIST_KEY_UIApplicationSupportsIndirectInputEvents = YES;
				INFOPLIST_KEY_UILaunchStoryboardName = LaunchScreen;
				INFOPLIST_KEY_UIRequiresFullScreen = NO;
				INFOPLIST_KEY_UIStatusBarStyle = UIStatusBarStyleLightContent;
				INFOPLIST_KEY_UISupportedInterfaceOrientations = UIInterfaceOrientationPortrait;
				LD_RUNPATH_SEARCH_PATHS = (
					"$(inherited)",
					"@executable_path/Frameworks",
				);
				MARKETING_VERSION = 1.0;
				PRODUCT_BUNDLE_IDENTIFIER = com.moussadev.orderfy.Orderfy;
				PRODUCT_NAME = "$(TARGET_NAME)";
				SWIFT_EMIT_LOC_STRINGS = YES;
				SWIFT_VERSION = 5.0;
				TARGETED_DEVICE_FAMILY = "1,2";
			};
			name = Debug;
		};
		B572AC472A0C2F7200012B07 /* Release */ = {
			isa = XCBuildConfiguration;
			buildSettings = {
				ASSETCATALOG_COMPILER_APPICON_NAME = AppIcon;
				ASSETCATALOG_COMPILER_GLOBAL_ACCENT_COLOR_NAME = AccentColor;
				CODE_SIGN_STYLE = Automatic;
				CURRENT_PROJECT_VERSION = 1;
				DEVELOPMENT_TEAM = 3UL3CAASW4;
				GENERATE_INFOPLIST_FILE = YES;
				INFOPLIST_FILE = Orderfy/Info.plist;
				INFOPLIST_KEY_UIApplicationSupportsIndirectInputEvents = YES;
				INFOPLIST_KEY_UILaunchStoryboardName = LaunchScreen;
				INFOPLIST_KEY_UIRequiresFullScreen = NO;
				INFOPLIST_KEY_UIStatusBarStyle = UIStatusBarStyleLightContent;
				INFOPLIST_KEY_UISupportedInterfaceOrientations = UIInterfaceOrientationPortrait;
				LD_RUNPATH_SEARCH_PATHS = (
					"$(inherited)",
					"@executable_path/Frameworks",
				);
				MARKETING_VERSION = 1.0;
				PRODUCT_BUNDLE_IDENTIFIER = com.moussadev.orderfy.Orderfy;
				PRODUCT_NAME = "$(TARGET_NAME)";
				SWIFT_EMIT_LOC_STRINGS = YES;
				SWIFT_VERSION = 5.0;
				TARGETED_DEVICE_FAMILY = "1,2";
			};
			name = Release;
		};
		B572AC492A0C2F7200012B07 /* Debug */ = {
			isa = XCBuildConfiguration;
			buildSettings = {
				ALWAYS_EMBED_SWIFT_STANDARD_LIBRARIES = YES;
				BUNDLE_LOADER = "$(TEST_HOST)";
				CODE_SIGN_STYLE = Automatic;
				CURRENT_PROJECT_VERSION = 1;
				DEVELOPMENT_TEAM = 3UL3CAASW4;
				GENERATE_INFOPLIST_FILE = YES;
				IPHONEOS_DEPLOYMENT_TARGET = 16.1;
				MARKETING_VERSION = 1.0;
				PRODUCT_BUNDLE_IDENTIFIER = com.moussadev.orderfy.OrderfyTests;
				PRODUCT_NAME = "$(TARGET_NAME)";
				SWIFT_EMIT_LOC_STRINGS = NO;
				SWIFT_VERSION = 5.0;
				TARGETED_DEVICE_FAMILY = "1,2";
				TEST_HOST = "$(BUILT_PRODUCTS_DIR)/Orderfy.app/$(BUNDLE_EXECUTABLE_FOLDER_PATH)/Orderfy";
			};
			name = Debug;
		};
		B572AC4A2A0C2F7200012B07 /* Release */ = {
			isa = XCBuildConfiguration;
			buildSettings = {
				ALWAYS_EMBED_SWIFT_STANDARD_LIBRARIES = YES;
				BUNDLE_LOADER = "$(TEST_HOST)";
				CODE_SIGN_STYLE = Automatic;
				CURRENT_PROJECT_VERSION = 1;
				DEVELOPMENT_TEAM = 3UL3CAASW4;
				GENERATE_INFOPLIST_FILE = YES;
				IPHONEOS_DEPLOYMENT_TARGET = 16.1;
				MARKETING_VERSION = 1.0;
				PRODUCT_BUNDLE_IDENTIFIER = com.moussadev.orderfy.OrderfyTests;
				PRODUCT_NAME = "$(TARGET_NAME)";
				SWIFT_EMIT_LOC_STRINGS = NO;
				SWIFT_VERSION = 5.0;
				TARGETED_DEVICE_FAMILY = "1,2";
				TEST_HOST = "$(BUILT_PRODUCTS_DIR)/Orderfy.app/$(BUNDLE_EXECUTABLE_FOLDER_PATH)/Orderfy";
			};
			name = Release;
		};
		B572AC4C2A0C2F7200012B07 /* Debug */ = {
			isa = XCBuildConfiguration;
			buildSettings = {
				ALWAYS_EMBED_SWIFT_STANDARD_LIBRARIES = YES;
				CODE_SIGN_STYLE = Automatic;
				CURRENT_PROJECT_VERSION = 1;
				DEVELOPMENT_TEAM = 3UL3CAASW4;
				GENERATE_INFOPLIST_FILE = YES;
				MARKETING_VERSION = 1.0;
				PRODUCT_BUNDLE_IDENTIFIER = com.moussadev.orderfy.OrderfyUITests;
				PRODUCT_NAME = "$(TARGET_NAME)";
				SWIFT_EMIT_LOC_STRINGS = NO;
				SWIFT_VERSION = 5.0;
				TARGETED_DEVICE_FAMILY = "1,2";
				TEST_TARGET_NAME = Orderfy;
			};
			name = Debug;
		};
		B572AC4D2A0C2F7200012B07 /* Release */ = {
			isa = XCBuildConfiguration;
			buildSettings = {
				ALWAYS_EMBED_SWIFT_STANDARD_LIBRARIES = YES;
				CODE_SIGN_STYLE = Automatic;
				CURRENT_PROJECT_VERSION = 1;
				DEVELOPMENT_TEAM = 3UL3CAASW4;
				GENERATE_INFOPLIST_FILE = YES;
				MARKETING_VERSION = 1.0;
				PRODUCT_BUNDLE_IDENTIFIER = com.moussadev.orderfy.OrderfyUITests;
				PRODUCT_NAME = "$(TARGET_NAME)";
				SWIFT_EMIT_LOC_STRINGS = NO;
				SWIFT_VERSION = 5.0;
				TARGETED_DEVICE_FAMILY = "1,2";
				TEST_TARGET_NAME = Orderfy;
			};
			name = Release;
		};
/* End XCBuildConfiguration section */

/* Begin XCConfigurationList section */
		B572AC162A0C2F7000012B07 /* Build configuration list for PBXProject "Orderfy" */ = {
			isa = XCConfigurationList;
			buildConfigurations = (
				B572AC432A0C2F7200012B07 /* Debug */,
				B572AC442A0C2F7200012B07 /* Release */,
			);
			defaultConfigurationIsVisible = 0;
			defaultConfigurationName = Release;
		};
		B572AC452A0C2F7200012B07 /* Build configuration list for PBXNativeTarget "Orderfy" */ = {
			isa = XCConfigurationList;
			buildConfigurations = (
				B572AC462A0C2F7200012B07 /* Debug */,
				B572AC472A0C2F7200012B07 /* Release */,
			);
			defaultConfigurationIsVisible = 0;
			defaultConfigurationName = Release;
		};
		B572AC482A0C2F7200012B07 /* Build configuration list for PBXNativeTarget "OrderfyTests" */ = {
			isa = XCConfigurationList;
			buildConfigurations = (
				B572AC492A0C2F7200012B07 /* Debug */,
				B572AC4A2A0C2F7200012B07 /* Release */,
			);
			defaultConfigurationIsVisible = 0;
			defaultConfigurationName = Release;
		};
		B572AC4B2A0C2F7200012B07 /* Build configuration list for PBXNativeTarget "OrderfyUITests" */ = {
			isa = XCConfigurationList;
			buildConfigurations = (
				B572AC4C2A0C2F7200012B07 /* Debug */,
				B572AC4D2A0C2F7200012B07 /* Release */,
			);
			defaultConfigurationIsVisible = 0;
			defaultConfigurationName = Release;
		};
/* End XCConfigurationList section */
	};
	rootObject = B572AC132A0C2F7000012B07 /* Project object */;
}
